// !$*UTF8*$!
{
	archiveVersion = 1;
	classes = {
	};
	objectVersion = 56;
	objects = {

/* Begin PBXBuildFile section */
		BD0F5F872BB310F400B50F30 /* SignUpViewModel.swift in Sources */ = {isa = PBXBuildFile; fileRef = BD0F5F862BB310F400B50F30 /* SignUpViewModel.swift */; };
		BD0F5F892BB3254E00B50F30 /* SignUpDataModel.swift in Sources */ = {isa = PBXBuildFile; fileRef = BD0F5F882BB3254E00B50F30 /* SignUpDataModel.swift */; };
		BD1316E62BB7C8F000F19948 /* ItemDetailDataModel.swift in Sources */ = {isa = PBXBuildFile; fileRef = BD1316E52BB7C8F000F19948 /* ItemDetailDataModel.swift */; };
		BD1316E82BB8218800F19948 /* CartButtonDataModel.swift in Sources */ = {isa = PBXBuildFile; fileRef = BD1316E72BB8218800F19948 /* CartButtonDataModel.swift */; };
		BD1316EC2BB8888400F19948 /* OrderDataModel.swift in Sources */ = {isa = PBXBuildFile; fileRef = BD1316EB2BB8888400F19948 /* OrderDataModel.swift */; };
		BD1316EE2BB899BC00F19948 /* PurchaseDataModel.swift in Sources */ = {isa = PBXBuildFile; fileRef = BD1316ED2BB899BC00F19948 /* PurchaseDataModel.swift */; };
		BD1DC4EE2BB17B15008DBD91 /* FavouriteItemCard.swift in Sources */ = {isa = PBXBuildFile; fileRef = BD1DC4ED2BB17B15008DBD91 /* FavouriteItemCard.swift */; };
		BD1DC4F02BB18E03008DBD91 /* FavouriteView.swift in Sources */ = {isa = PBXBuildFile; fileRef = BD1DC4EF2BB18E03008DBD91 /* FavouriteView.swift */; };
		BD1DC4F22BB1C519008DBD91 /* FavouriteViewModel.swift in Sources */ = {isa = PBXBuildFile; fileRef = BD1DC4F12BB1C519008DBD91 /* FavouriteViewModel.swift */; };
		BD1E53852BA1E9520003EDF1 /* clothing_appApp.swift in Sources */ = {isa = PBXBuildFile; fileRef = BD1E53842BA1E9520003EDF1 /* clothing_appApp.swift */; };
		BD1E53872BA1E9520003EDF1 /* ContentView.swift in Sources */ = {isa = PBXBuildFile; fileRef = BD1E53862BA1E9520003EDF1 /* ContentView.swift */; };
		BD1E53892BA1E9540003EDF1 /* Assets.xcassets in Resources */ = {isa = PBXBuildFile; fileRef = BD1E53882BA1E9540003EDF1 /* Assets.xcassets */; };
		BD1E538C2BA1E9540003EDF1 /* Preview Assets.xcassets in Resources */ = {isa = PBXBuildFile; fileRef = BD1E538B2BA1E9540003EDF1 /* Preview Assets.xcassets */; };
		BD1E53962BA1E9540003EDF1 /* clothing_appTests.swift in Sources */ = {isa = PBXBuildFile; fileRef = BD1E53952BA1E9540003EDF1 /* clothing_appTests.swift */; };
		BD1E53A02BA1E9540003EDF1 /* clothing_appUITests.swift in Sources */ = {isa = PBXBuildFile; fileRef = BD1E539F2BA1E9540003EDF1 /* clothing_appUITests.swift */; };
		BD1E53A22BA1E9540003EDF1 /* clothing_appUITestsLaunchTests.swift in Sources */ = {isa = PBXBuildFile; fileRef = BD1E53A12BA1E9540003EDF1 /* clothing_appUITestsLaunchTests.swift */; };
		BD1E53B42BA1F91C0003EDF1 /* SplashView.swift in Sources */ = {isa = PBXBuildFile; fileRef = BD1E53B32BA1F91C0003EDF1 /* SplashView.swift */; };
		BD3493962BACBA0C0055E987 /* CartButton.swift in Sources */ = {isa = PBXBuildFile; fileRef = BD3493952BACBA0C0055E987 /* CartButton.swift */; };
		BD34939A2BACC1A40055E987 /* ClothingCard.swift in Sources */ = {isa = PBXBuildFile; fileRef = BD3493992BACC1A40055E987 /* ClothingCard.swift */; };
		BD34939C2BACC4370055E987 /* ItemDataModel.swift in Sources */ = {isa = PBXBuildFile; fileRef = BD34939B2BACC4370055E987 /* ItemDataModel.swift */; };
		BD75E46F2BA49B2D007B12AC /* HomeViewModel.swift in Sources */ = {isa = PBXBuildFile; fileRef = BD75E46E2BA49B2D007B12AC /* HomeViewModel.swift */; };
		BD75E4712BA4C005007B12AC /* HomeDataModel.swift in Sources */ = {isa = PBXBuildFile; fileRef = BD75E4702BA4C005007B12AC /* HomeDataModel.swift */; };
		BD85CE5C2BB01BB800DF8C0E /* UserViewModel.swift in Sources */ = {isa = PBXBuildFile; fileRef = BD85CE5B2BB01BB800DF8C0E /* UserViewModel.swift */; };
		BD85CE5E2BB0727D00DF8C0E /* UserDataModel.swift in Sources */ = {isa = PBXBuildFile; fileRef = BD85CE5D2BB0727D00DF8C0E /* UserDataModel.swift */; };
		BD93024E2BAF350A001FFE80 /* UserInputView.swift in Sources */ = {isa = PBXBuildFile; fileRef = BD93024D2BAF350A001FFE80 /* UserInputView.swift */; };
		BD9302502BAF3BA0001FFE80 /* UserView.swift in Sources */ = {isa = PBXBuildFile; fileRef = BD93024F2BAF3BA0001FFE80 /* UserView.swift */; };
		BD9302522BAF3CCD001FFE80 /* SignUpView.swift in Sources */ = {isa = PBXBuildFile; fileRef = BD9302512BAF3CCD001FFE80 /* SignUpView.swift */; };
		BD98717F2BAED7CE005E3AD6 /* PurchaseView.swift in Sources */ = {isa = PBXBuildFile; fileRef = BD98717E2BAED7CE005E3AD6 /* PurchaseView.swift */; };
		BD9871832BAEE65D005E3AD6 /* DashboardView.swift in Sources */ = {isa = PBXBuildFile; fileRef = BD9871822BAEE65D005E3AD6 /* DashboardView.swift */; };
		BDAEDE002BB6161B00FA3573 /* FavouriteDataModel.swift in Sources */ = {isa = PBXBuildFile; fileRef = BDAEDDFF2BB6161B00FA3573 /* FavouriteDataModel.swift */; };
		BDB316432BAB3D90005B72D6 /* ItemView.swift in Sources */ = {isa = PBXBuildFile; fileRef = BDB316422BAB3D90005B72D6 /* ItemView.swift */; };
		BDB316452BAB3E4A005B72D6 /* ItemViewModel.swift in Sources */ = {isa = PBXBuildFile; fileRef = BDB316442BAB3E4A005B72D6 /* ItemViewModel.swift */; };
		BDB316472BAB4A9A005B72D6 /* CartView.swift in Sources */ = {isa = PBXBuildFile; fileRef = BDB316462BAB4A9A005B72D6 /* CartView.swift */; };
		BDB316492BAB6CFF005B72D6 /* CartViewModel.swift in Sources */ = {isa = PBXBuildFile; fileRef = BDB316482BAB6CFF005B72D6 /* CartViewModel.swift */; };
		BDB3164B2BAB6D23005B72D6 /* CartDataModel.swift in Sources */ = {isa = PBXBuildFile; fileRef = BDB3164A2BAB6D23005B72D6 /* CartDataModel.swift */; };
		BDB3164D2BAB81FE005B72D6 /* CartItemCard.swift in Sources */ = {isa = PBXBuildFile; fileRef = BDB3164C2BAB81FE005B72D6 /* CartItemCard.swift */; };
		BDC38AD12BA344C5006FC80F /* HomeView.swift in Sources */ = {isa = PBXBuildFile; fileRef = BDC38AD02BA344C5006FC80F /* HomeView.swift */; };
		BDC5AD402BB8D6FA00DF0B8D /* PurchaseViewModel.swift in Sources */ = {isa = PBXBuildFile; fileRef = BDC5AD3F2BB8D6FA00DF0B8D /* PurchaseViewModel.swift */; };
		BDC5AD422BB8E84E00DF0B8D /* OrderItemDataModel.swift in Sources */ = {isa = PBXBuildFile; fileRef = BDC5AD412BB8E84E00DF0B8D /* OrderItemDataModel.swift */; };
		BDCA04312BB5ED69005ED6CD /* CategoryDataModel.swift in Sources */ = {isa = PBXBuildFile; fileRef = BDCA04302BB5ED69005ED6CD /* CategoryDataModel.swift */; };
		BDCA04332BB5EEA7005ED6CD /* CategoryViewModel.swift in Sources */ = {isa = PBXBuildFile; fileRef = BDCA04322BB5EEA7005ED6CD /* CategoryViewModel.swift */; };
		BDD209752BB6BD770020A434 /* ItemDetailView.swift in Sources */ = {isa = PBXBuildFile; fileRef = BDD209742BB6BD770020A434 /* ItemDetailView.swift */; };
		BDD209772BB6D6960020A434 /* ItemDetailViewModel.swift in Sources */ = {isa = PBXBuildFile; fileRef = BDD209762BB6D6960020A434 /* ItemDetailViewModel.swift */; };
/* End PBXBuildFile section */

/* Begin PBXContainerItemProxy section */
		BD1E53922BA1E9540003EDF1 /* PBXContainerItemProxy */ = {
			isa = PBXContainerItemProxy;
			containerPortal = BD1E53792BA1E9520003EDF1 /* Project object */;
			proxyType = 1;
			remoteGlobalIDString = BD1E53802BA1E9520003EDF1;
			remoteInfo = "clothing-app";
		};
		BD1E539C2BA1E9540003EDF1 /* PBXContainerItemProxy */ = {
			isa = PBXContainerItemProxy;
			containerPortal = BD1E53792BA1E9520003EDF1 /* Project object */;
			proxyType = 1;
			remoteGlobalIDString = BD1E53802BA1E9520003EDF1;
			remoteInfo = "clothing-app";
		};
/* End PBXContainerItemProxy section */

/* Begin PBXFileReference section */
		BD0F5F862BB310F400B50F30 /* SignUpViewModel.swift */ = {isa = PBXFileReference; lastKnownFileType = sourcecode.swift; path = SignUpViewModel.swift; sourceTree = "<group>"; };
		BD0F5F882BB3254E00B50F30 /* SignUpDataModel.swift */ = {isa = PBXFileReference; lastKnownFileType = sourcecode.swift; path = SignUpDataModel.swift; sourceTree = "<group>"; };
		BD1316E52BB7C8F000F19948 /* ItemDetailDataModel.swift */ = {isa = PBXFileReference; lastKnownFileType = sourcecode.swift; path = ItemDetailDataModel.swift; sourceTree = "<group>"; };
		BD1316E72BB8218800F19948 /* CartButtonDataModel.swift */ = {isa = PBXFileReference; lastKnownFileType = sourcecode.swift; path = CartButtonDataModel.swift; sourceTree = "<group>"; };
		BD1316EB2BB8888400F19948 /* OrderDataModel.swift */ = {isa = PBXFileReference; lastKnownFileType = sourcecode.swift; path = OrderDataModel.swift; sourceTree = "<group>"; };
		BD1316ED2BB899BC00F19948 /* PurchaseDataModel.swift */ = {isa = PBXFileReference; lastKnownFileType = sourcecode.swift; path = PurchaseDataModel.swift; sourceTree = "<group>"; };
		BD1DC4ED2BB17B15008DBD91 /* FavouriteItemCard.swift */ = {isa = PBXFileReference; lastKnownFileType = sourcecode.swift; path = FavouriteItemCard.swift; sourceTree = "<group>"; };
		BD1DC4EF2BB18E03008DBD91 /* FavouriteView.swift */ = {isa = PBXFileReference; lastKnownFileType = sourcecode.swift; path = FavouriteView.swift; sourceTree = "<group>"; };
		BD1DC4F12BB1C519008DBD91 /* FavouriteViewModel.swift */ = {isa = PBXFileReference; lastKnownFileType = sourcecode.swift; path = FavouriteViewModel.swift; sourceTree = "<group>"; };
		BD1E53812BA1E9520003EDF1 /* clothing-app.app */ = {isa = PBXFileReference; explicitFileType = wrapper.application; includeInIndex = 0; path = "clothing-app.app"; sourceTree = BUILT_PRODUCTS_DIR; };
		BD1E53842BA1E9520003EDF1 /* clothing_appApp.swift */ = {isa = PBXFileReference; lastKnownFileType = sourcecode.swift; path = clothing_appApp.swift; sourceTree = "<group>"; };
		BD1E53862BA1E9520003EDF1 /* ContentView.swift */ = {isa = PBXFileReference; lastKnownFileType = sourcecode.swift; path = ContentView.swift; sourceTree = "<group>"; };
		BD1E53882BA1E9540003EDF1 /* Assets.xcassets */ = {isa = PBXFileReference; lastKnownFileType = folder.assetcatalog; path = Assets.xcassets; sourceTree = "<group>"; };
		BD1E538B2BA1E9540003EDF1 /* Preview Assets.xcassets */ = {isa = PBXFileReference; lastKnownFileType = folder.assetcatalog; path = "Preview Assets.xcassets"; sourceTree = "<group>"; };
		BD1E53912BA1E9540003EDF1 /* clothing-appTests.xctest */ = {isa = PBXFileReference; explicitFileType = wrapper.cfbundle; includeInIndex = 0; path = "clothing-appTests.xctest"; sourceTree = BUILT_PRODUCTS_DIR; };
		BD1E53952BA1E9540003EDF1 /* clothing_appTests.swift */ = {isa = PBXFileReference; lastKnownFileType = sourcecode.swift; path = clothing_appTests.swift; sourceTree = "<group>"; };
		BD1E539B2BA1E9540003EDF1 /* clothing-appUITests.xctest */ = {isa = PBXFileReference; explicitFileType = wrapper.cfbundle; includeInIndex = 0; path = "clothing-appUITests.xctest"; sourceTree = BUILT_PRODUCTS_DIR; };
		BD1E539F2BA1E9540003EDF1 /* clothing_appUITests.swift */ = {isa = PBXFileReference; lastKnownFileType = sourcecode.swift; path = clothing_appUITests.swift; sourceTree = "<group>"; };
		BD1E53A12BA1E9540003EDF1 /* clothing_appUITestsLaunchTests.swift */ = {isa = PBXFileReference; lastKnownFileType = sourcecode.swift; path = clothing_appUITestsLaunchTests.swift; sourceTree = "<group>"; };
		BD1E53B32BA1F91C0003EDF1 /* SplashView.swift */ = {isa = PBXFileReference; lastKnownFileType = sourcecode.swift; path = SplashView.swift; sourceTree = "<group>"; };
		BD3493952BACBA0C0055E987 /* CartButton.swift */ = {isa = PBXFileReference; lastKnownFileType = sourcecode.swift; path = CartButton.swift; sourceTree = "<group>"; };
		BD3493992BACC1A40055E987 /* ClothingCard.swift */ = {isa = PBXFileReference; lastKnownFileType = sourcecode.swift; path = ClothingCard.swift; sourceTree = "<group>"; };
		BD34939B2BACC4370055E987 /* ItemDataModel.swift */ = {isa = PBXFileReference; lastKnownFileType = sourcecode.swift; path = ItemDataModel.swift; sourceTree = "<group>"; };
		BD75E46E2BA49B2D007B12AC /* HomeViewModel.swift */ = {isa = PBXFileReference; lastKnownFileType = sourcecode.swift; name = HomeViewModel.swift; path = "clothing-app/HomeViewModel.swift"; sourceTree = SOURCE_ROOT; };
		BD75E4702BA4C005007B12AC /* HomeDataModel.swift */ = {isa = PBXFileReference; lastKnownFileType = sourcecode.swift; path = HomeDataModel.swift; sourceTree = "<group>"; };
		BD85CE5B2BB01BB800DF8C0E /* UserViewModel.swift */ = {isa = PBXFileReference; lastKnownFileType = sourcecode.swift; name = UserViewModel.swift; path = "clothing-app/Models/UserViewModel.swift"; sourceTree = SOURCE_ROOT; };
		BD85CE5D2BB0727D00DF8C0E /* UserDataModel.swift */ = {isa = PBXFileReference; lastKnownFileType = sourcecode.swift; path = UserDataModel.swift; sourceTree = "<group>"; };
		BD93024D2BAF350A001FFE80 /* UserInputView.swift */ = {isa = PBXFileReference; lastKnownFileType = sourcecode.swift; path = UserInputView.swift; sourceTree = "<group>"; };
		BD93024F2BAF3BA0001FFE80 /* UserView.swift */ = {isa = PBXFileReference; lastKnownFileType = sourcecode.swift; path = UserView.swift; sourceTree = "<group>"; };
		BD9302512BAF3CCD001FFE80 /* SignUpView.swift */ = {isa = PBXFileReference; lastKnownFileType = sourcecode.swift; path = SignUpView.swift; sourceTree = "<group>"; };
		BD98717E2BAED7CE005E3AD6 /* PurchaseView.swift */ = {isa = PBXFileReference; lastKnownFileType = sourcecode.swift; path = PurchaseView.swift; sourceTree = "<group>"; };
		BD9871822BAEE65D005E3AD6 /* DashboardView.swift */ = {isa = PBXFileReference; lastKnownFileType = sourcecode.swift; path = DashboardView.swift; sourceTree = "<group>"; };
		BDAEDDFF2BB6161B00FA3573 /* FavouriteDataModel.swift */ = {isa = PBXFileReference; lastKnownFileType = sourcecode.swift; path = FavouriteDataModel.swift; sourceTree = "<group>"; };
		BDB316422BAB3D90005B72D6 /* ItemView.swift */ = {isa = PBXFileReference; lastKnownFileType = sourcecode.swift; path = ItemView.swift; sourceTree = "<group>"; };
		BDB316442BAB3E4A005B72D6 /* ItemViewModel.swift */ = {isa = PBXFileReference; lastKnownFileType = sourcecode.swift; name = ItemViewModel.swift; path = "clothing-app/Views/ItemViewModel.swift"; sourceTree = SOURCE_ROOT; };
		BDB316462BAB4A9A005B72D6 /* CartView.swift */ = {isa = PBXFileReference; lastKnownFileType = sourcecode.swift; path = CartView.swift; sourceTree = "<group>"; };
		BDB316482BAB6CFF005B72D6 /* CartViewModel.swift */ = {isa = PBXFileReference; lastKnownFileType = sourcecode.swift; name = CartViewModel.swift; path = "clothing-app/Views/CartViewModel.swift"; sourceTree = SOURCE_ROOT; };
		BDB3164A2BAB6D23005B72D6 /* CartDataModel.swift */ = {isa = PBXFileReference; lastKnownFileType = sourcecode.swift; path = CartDataModel.swift; sourceTree = "<group>"; };
		BDB3164C2BAB81FE005B72D6 /* CartItemCard.swift */ = {isa = PBXFileReference; lastKnownFileType = sourcecode.swift; path = CartItemCard.swift; sourceTree = "<group>"; };
		BDC38AD02BA344C5006FC80F /* HomeView.swift */ = {isa = PBXFileReference; lastKnownFileType = sourcecode.swift; path = HomeView.swift; sourceTree = "<group>"; };
		BDC5AD3F2BB8D6FA00DF0B8D /* PurchaseViewModel.swift */ = {isa = PBXFileReference; lastKnownFileType = sourcecode.swift; path = PurchaseViewModel.swift; sourceTree = "<group>"; };
		BDC5AD412BB8E84E00DF0B8D /* OrderItemDataModel.swift */ = {isa = PBXFileReference; lastKnownFileType = sourcecode.swift; path = OrderItemDataModel.swift; sourceTree = "<group>"; };
		BDCA04302BB5ED69005ED6CD /* CategoryDataModel.swift */ = {isa = PBXFileReference; lastKnownFileType = sourcecode.swift; path = CategoryDataModel.swift; sourceTree = "<group>"; };
		BDCA04322BB5EEA7005ED6CD /* CategoryViewModel.swift */ = {isa = PBXFileReference; lastKnownFileType = sourcecode.swift; path = CategoryViewModel.swift; sourceTree = "<group>"; };
		BDD209742BB6BD770020A434 /* ItemDetailView.swift */ = {isa = PBXFileReference; lastKnownFileType = sourcecode.swift; path = ItemDetailView.swift; sourceTree = "<group>"; };
		BDD209762BB6D6960020A434 /* ItemDetailViewModel.swift */ = {isa = PBXFileReference; lastKnownFileType = sourcecode.swift; path = ItemDetailViewModel.swift; sourceTree = "<group>"; };
/* End PBXFileReference section */

/* Begin PBXFrameworksBuildPhase section */
		BD1E537E2BA1E9520003EDF1 /* Frameworks */ = {
			isa = PBXFrameworksBuildPhase;
			buildActionMask = 2147483647;
			files = (
			);
			runOnlyForDeploymentPostprocessing = 0;
		};
		BD1E538E2BA1E9540003EDF1 /* Frameworks */ = {
			isa = PBXFrameworksBuildPhase;
			buildActionMask = 2147483647;
			files = (
			);
			runOnlyForDeploymentPostprocessing = 0;
		};
		BD1E53982BA1E9540003EDF1 /* Frameworks */ = {
			isa = PBXFrameworksBuildPhase;
			buildActionMask = 2147483647;
			files = (
			);
			runOnlyForDeploymentPostprocessing = 0;
		};
/* End PBXFrameworksBuildPhase section */

/* Begin PBXGroup section */
		BD1E53782BA1E9520003EDF1 = {
			isa = PBXGroup;
			children = (
				BD1E53832BA1E9520003EDF1 /* clothing-app */,
				BD1E53942BA1E9540003EDF1 /* clothing-appTests */,
				BD1E539E2BA1E9540003EDF1 /* clothing-appUITests */,
				BD1E53822BA1E9520003EDF1 /* Products */,
			);
			sourceTree = "<group>";
		};
		BD1E53822BA1E9520003EDF1 /* Products */ = {
			isa = PBXGroup;
			children = (
				BD1E53812BA1E9520003EDF1 /* clothing-app.app */,
				BD1E53912BA1E9540003EDF1 /* clothing-appTests.xctest */,
				BD1E539B2BA1E9540003EDF1 /* clothing-appUITests.xctest */,
			);
			name = Products;
			sourceTree = "<group>";
		};
		BD1E53832BA1E9520003EDF1 /* clothing-app */ = {
			isa = PBXGroup;
			children = (
				BD1E53AE2BA1F4200003EDF1 /* Models */,
				BD1E53B02BA1F4420003EDF1 /* Views */,
				BDC38AD22BA350A5006FC80F /* ViewModels */,
				BD3493942BACB9B80055E987 /* Components */,
				BD1E53842BA1E9520003EDF1 /* clothing_appApp.swift */,
				BD1E53862BA1E9520003EDF1 /* ContentView.swift */,
				BD1E53882BA1E9540003EDF1 /* Assets.xcassets */,
				BD1E538A2BA1E9540003EDF1 /* Preview Content */,
			);
			path = "clothing-app";
			sourceTree = "<group>";
		};
		BD1E538A2BA1E9540003EDF1 /* Preview Content */ = {
			isa = PBXGroup;
			children = (
				BD1E538B2BA1E9540003EDF1 /* Preview Assets.xcassets */,
			);
			path = "Preview Content";
			sourceTree = "<group>";
		};
		BD1E53942BA1E9540003EDF1 /* clothing-appTests */ = {
			isa = PBXGroup;
			children = (
				BD1E53952BA1E9540003EDF1 /* clothing_appTests.swift */,
			);
			path = "clothing-appTests";
			sourceTree = "<group>";
		};
		BD1E539E2BA1E9540003EDF1 /* clothing-appUITests */ = {
			isa = PBXGroup;
			children = (
				BD1E539F2BA1E9540003EDF1 /* clothing_appUITests.swift */,
				BD1E53A12BA1E9540003EDF1 /* clothing_appUITestsLaunchTests.swift */,
			);
			path = "clothing-appUITests";
			sourceTree = "<group>";
		};
		BD1E53AE2BA1F4200003EDF1 /* Models */ = {
			isa = PBXGroup;
			children = (
				BD75E4702BA4C005007B12AC /* HomeDataModel.swift */,
				BDB3164A2BAB6D23005B72D6 /* CartDataModel.swift */,
				BD34939B2BACC4370055E987 /* ItemDataModel.swift */,
				BD85CE5D2BB0727D00DF8C0E /* UserDataModel.swift */,
				BD0F5F882BB3254E00B50F30 /* SignUpDataModel.swift */,
				BDCA04302BB5ED69005ED6CD /* CategoryDataModel.swift */,
				BDAEDDFF2BB6161B00FA3573 /* FavouriteDataModel.swift */,
				BD1316E52BB7C8F000F19948 /* ItemDetailDataModel.swift */,
				BD1316E72BB8218800F19948 /* CartButtonDataModel.swift */,
				BD1316EB2BB8888400F19948 /* OrderDataModel.swift */,
				BD1316ED2BB899BC00F19948 /* PurchaseDataModel.swift */,
				BDC5AD412BB8E84E00DF0B8D /* OrderItemDataModel.swift */,
			);
			path = Models;
			sourceTree = "<group>";
		};
		BD1E53B02BA1F4420003EDF1 /* Views */ = {
			isa = PBXGroup;
			children = (
				BD1E53B32BA1F91C0003EDF1 /* SplashView.swift */,
				BDC38AD02BA344C5006FC80F /* HomeView.swift */,
				BDB316422BAB3D90005B72D6 /* ItemView.swift */,
				BDB316462BAB4A9A005B72D6 /* CartView.swift */,
				BD98717E2BAED7CE005E3AD6 /* PurchaseView.swift */,
				BD9871822BAEE65D005E3AD6 /* DashboardView.swift */,
				BD93024F2BAF3BA0001FFE80 /* UserView.swift */,
				BD9302512BAF3CCD001FFE80 /* SignUpView.swift */,
				BD1DC4EF2BB18E03008DBD91 /* FavouriteView.swift */,
				BDD209742BB6BD770020A434 /* ItemDetailView.swift */,
			);
			path = Views;
			sourceTree = "<group>";
		};
		BD3493942BACB9B80055E987 /* Components */ = {
			isa = PBXGroup;
			children = (
				BDB3164C2BAB81FE005B72D6 /* CartItemCard.swift */,
				BD3493952BACBA0C0055E987 /* CartButton.swift */,
				BD3493992BACC1A40055E987 /* ClothingCard.swift */,
				BD93024D2BAF350A001FFE80 /* UserInputView.swift */,
				BD1DC4ED2BB17B15008DBD91 /* FavouriteItemCard.swift */,
			);
			path = Components;
			sourceTree = "<group>";
		};
		BDC38AD22BA350A5006FC80F /* ViewModels */ = {
			isa = PBXGroup;
			children = (
				BD75E46E2BA49B2D007B12AC /* HomeViewModel.swift */,
				BDB316442BAB3E4A005B72D6 /* ItemViewModel.swift */,
				BDB316482BAB6CFF005B72D6 /* CartViewModel.swift */,
				BD85CE5B2BB01BB800DF8C0E /* UserViewModel.swift */,
				BD1DC4F12BB1C519008DBD91 /* FavouriteViewModel.swift */,
				BD0F5F862BB310F400B50F30 /* SignUpViewModel.swift */,
				BDCA04322BB5EEA7005ED6CD /* CategoryViewModel.swift */,
				BDD209762BB6D6960020A434 /* ItemDetailViewModel.swift */,
				BDC5AD3F2BB8D6FA00DF0B8D /* PurchaseViewModel.swift */,
			);
			path = ViewModels;
			sourceTree = "<group>";
		};
/* End PBXGroup section */

/* Begin PBXNativeTarget section */
		BD1E53802BA1E9520003EDF1 /* clothing-app */ = {
			isa = PBXNativeTarget;
			buildConfigurationList = BD1E53A52BA1E9540003EDF1 /* Build configuration list for PBXNativeTarget "clothing-app" */;
			buildPhases = (
				BD1E537D2BA1E9520003EDF1 /* Sources */,
				BD1E537E2BA1E9520003EDF1 /* Frameworks */,
				BD1E537F2BA1E9520003EDF1 /* Resources */,
			);
			buildRules = (
			);
			dependencies = (
			);
			name = "clothing-app";
			productName = "clothing-app";
			productReference = BD1E53812BA1E9520003EDF1 /* clothing-app.app */;
			productType = "com.apple.product-type.application";
		};
		BD1E53902BA1E9540003EDF1 /* clothing-appTests */ = {
			isa = PBXNativeTarget;
			buildConfigurationList = BD1E53A82BA1E9540003EDF1 /* Build configuration list for PBXNativeTarget "clothing-appTests" */;
			buildPhases = (
				BD1E538D2BA1E9540003EDF1 /* Sources */,
				BD1E538E2BA1E9540003EDF1 /* Frameworks */,
				BD1E538F2BA1E9540003EDF1 /* Resources */,
			);
			buildRules = (
			);
			dependencies = (
				BD1E53932BA1E9540003EDF1 /* PBXTargetDependency */,
			);
			name = "clothing-appTests";
			productName = "clothing-appTests";
			productReference = BD1E53912BA1E9540003EDF1 /* clothing-appTests.xctest */;
			productType = "com.apple.product-type.bundle.unit-test";
		};
		BD1E539A2BA1E9540003EDF1 /* clothing-appUITests */ = {
			isa = PBXNativeTarget;
			buildConfigurationList = BD1E53AB2BA1E9540003EDF1 /* Build configuration list for PBXNativeTarget "clothing-appUITests" */;
			buildPhases = (
				BD1E53972BA1E9540003EDF1 /* Sources */,
				BD1E53982BA1E9540003EDF1 /* Frameworks */,
				BD1E53992BA1E9540003EDF1 /* Resources */,
			);
			buildRules = (
			);
			dependencies = (
				BD1E539D2BA1E9540003EDF1 /* PBXTargetDependency */,
			);
			name = "clothing-appUITests";
			productName = "clothing-appUITests";
			productReference = BD1E539B2BA1E9540003EDF1 /* clothing-appUITests.xctest */;
			productType = "com.apple.product-type.bundle.ui-testing";
		};
/* End PBXNativeTarget section */

/* Begin PBXProject section */
		BD1E53792BA1E9520003EDF1 /* Project object */ = {
			isa = PBXProject;
			attributes = {
				BuildIndependentTargetsInParallel = 1;
				LastSwiftUpdateCheck = 1500;
				LastUpgradeCheck = 1500;
				TargetAttributes = {
					BD1E53802BA1E9520003EDF1 = {
						CreatedOnToolsVersion = 15.0.1;
					};
					BD1E53902BA1E9540003EDF1 = {
						CreatedOnToolsVersion = 15.0.1;
						TestTargetID = BD1E53802BA1E9520003EDF1;
					};
					BD1E539A2BA1E9540003EDF1 = {
						CreatedOnToolsVersion = 15.0.1;
						TestTargetID = BD1E53802BA1E9520003EDF1;
					};
				};
			};
			buildConfigurationList = BD1E537C2BA1E9520003EDF1 /* Build configuration list for PBXProject "clothing-app" */;
			compatibilityVersion = "Xcode 14.0";
			developmentRegion = en;
			hasScannedForEncodings = 0;
			knownRegions = (
				en,
				Base,
			);
			mainGroup = BD1E53782BA1E9520003EDF1;
			productRefGroup = BD1E53822BA1E9520003EDF1 /* Products */;
			projectDirPath = "";
			projectRoot = "";
			targets = (
				BD1E53802BA1E9520003EDF1 /* clothing-app */,
				BD1E53902BA1E9540003EDF1 /* clothing-appTests */,
				BD1E539A2BA1E9540003EDF1 /* clothing-appUITests */,
			);
		};
/* End PBXProject section */

/* Begin PBXResourcesBuildPhase section */
		BD1E537F2BA1E9520003EDF1 /* Resources */ = {
			isa = PBXResourcesBuildPhase;
			buildActionMask = 2147483647;
			files = (
				BD1E538C2BA1E9540003EDF1 /* Preview Assets.xcassets in Resources */,
				BD1E53892BA1E9540003EDF1 /* Assets.xcassets in Resources */,
			);
			runOnlyForDeploymentPostprocessing = 0;
		};
		BD1E538F2BA1E9540003EDF1 /* Resources */ = {
			isa = PBXResourcesBuildPhase;
			buildActionMask = 2147483647;
			files = (
			);
			runOnlyForDeploymentPostprocessing = 0;
		};
		BD1E53992BA1E9540003EDF1 /* Resources */ = {
			isa = PBXResourcesBuildPhase;
			buildActionMask = 2147483647;
			files = (
			);
			runOnlyForDeploymentPostprocessing = 0;
		};
/* End PBXResourcesBuildPhase section */

/* Begin PBXSourcesBuildPhase section */
		BD1E537D2BA1E9520003EDF1 /* Sources */ = {
			isa = PBXSourcesBuildPhase;
			buildActionMask = 2147483647;
			files = (
				BDB316472BAB4A9A005B72D6 /* CartView.swift in Sources */,
				BD1E53872BA1E9520003EDF1 /* ContentView.swift in Sources */,
				BDD209772BB6D6960020A434 /* ItemDetailViewModel.swift in Sources */,
				BDB3164D2BAB81FE005B72D6 /* CartItemCard.swift in Sources */,
				BDD209752BB6BD770020A434 /* ItemDetailView.swift in Sources */,
				BD1DC4EE2BB17B15008DBD91 /* FavouriteItemCard.swift in Sources */,
				BDC38AD12BA344C5006FC80F /* HomeView.swift in Sources */,
				BD75E4712BA4C005007B12AC /* HomeDataModel.swift in Sources */,
				BD3493962BACBA0C0055E987 /* CartButton.swift in Sources */,
				BD1DC4F02BB18E03008DBD91 /* FavouriteView.swift in Sources */,
				BD1316E62BB7C8F000F19948 /* ItemDetailDataModel.swift in Sources */,
				BDC5AD402BB8D6FA00DF0B8D /* PurchaseViewModel.swift in Sources */,
				BD98717F2BAED7CE005E3AD6 /* PurchaseView.swift in Sources */,
				BD9871832BAEE65D005E3AD6 /* DashboardView.swift in Sources */,
				BD34939C2BACC4370055E987 /* ItemDataModel.swift in Sources */,
				BD1DC4F22BB1C519008DBD91 /* FavouriteViewModel.swift in Sources */,
				BD0F5F892BB3254E00B50F30 /* SignUpDataModel.swift in Sources */,
				BDB316432BAB3D90005B72D6 /* ItemView.swift in Sources */,
				BDCA04312BB5ED69005ED6CD /* CategoryDataModel.swift in Sources */,
				BD0F5F872BB310F400B50F30 /* SignUpViewModel.swift in Sources */,
				BD85CE5C2BB01BB800DF8C0E /* UserViewModel.swift in Sources */,
				BD1E53852BA1E9520003EDF1 /* clothing_appApp.swift in Sources */,
				BDCA04332BB5EEA7005ED6CD /* CategoryViewModel.swift in Sources */,
				BDB316452BAB3E4A005B72D6 /* ItemViewModel.swift in Sources */,
				BD1316EC2BB8888400F19948 /* OrderDataModel.swift in Sources */,
				BDB3164B2BAB6D23005B72D6 /* CartDataModel.swift in Sources */,
				BD85CE5E2BB0727D00DF8C0E /* UserDataModel.swift in Sources */,
				BD75E46F2BA49B2D007B12AC /* HomeViewModel.swift in Sources */,
				BDC5AD422BB8E84E00DF0B8D /* OrderItemDataModel.swift in Sources */,
				BD9302502BAF3BA0001FFE80 /* UserView.swift in Sources */,
				BD1316EE2BB899BC00F19948 /* PurchaseDataModel.swift in Sources */,
				BD1316E82BB8218800F19948 /* CartButtonDataModel.swift in Sources */,
				BD9302522BAF3CCD001FFE80 /* SignUpView.swift in Sources */,
				BDAEDE002BB6161B00FA3573 /* FavouriteDataModel.swift in Sources */,
				BD1E53B42BA1F91C0003EDF1 /* SplashView.swift in Sources */,
				BD93024E2BAF350A001FFE80 /* UserInputView.swift in Sources */,
				BDB316492BAB6CFF005B72D6 /* CartViewModel.swift in Sources */,
				BD34939A2BACC1A40055E987 /* ClothingCard.swift in Sources */,
			);
			runOnlyForDeploymentPostprocessing = 0;
		};
		BD1E538D2BA1E9540003EDF1 /* Sources */ = {
			isa = PBXSourcesBuildPhase;
			buildActionMask = 2147483647;
			files = (
				BD1E53962BA1E9540003EDF1 /* clothing_appTests.swift in Sources */,
			);
			runOnlyForDeploymentPostprocessing = 0;
		};
		BD1E53972BA1E9540003EDF1 /* Sources */ = {
			isa = PBXSourcesBuildPhase;
			buildActionMask = 2147483647;
			files = (
				BD1E53A22BA1E9540003EDF1 /* clothing_appUITestsLaunchTests.swift in Sources */,
				BD1E53A02BA1E9540003EDF1 /* clothing_appUITests.swift in Sources */,
			);
			runOnlyForDeploymentPostprocessing = 0;
		};
/* End PBXSourcesBuildPhase section */

/* Begin PBXTargetDependency section */
		BD1E53932BA1E9540003EDF1 /* PBXTargetDependency */ = {
			isa = PBXTargetDependency;
			target = BD1E53802BA1E9520003EDF1 /* clothing-app */;
			targetProxy = BD1E53922BA1E9540003EDF1 /* PBXContainerItemProxy */;
		};
		BD1E539D2BA1E9540003EDF1 /* PBXTargetDependency */ = {
			isa = PBXTargetDependency;
			target = BD1E53802BA1E9520003EDF1 /* clothing-app */;
			targetProxy = BD1E539C2BA1E9540003EDF1 /* PBXContainerItemProxy */;
		};
/* End PBXTargetDependency section */

/* Begin XCBuildConfiguration section */
		BD1E53A32BA1E9540003EDF1 /* Debug */ = {
			isa = XCBuildConfiguration;
			buildSettings = {
				ALWAYS_SEARCH_USER_PATHS = NO;
				ASSETCATALOG_COMPILER_GENERATE_SWIFT_ASSET_SYMBOL_EXTENSIONS = YES;
				CLANG_ANALYZER_NONNULL = YES;
				CLANG_ANALYZER_NUMBER_OBJECT_CONVERSION = YES_AGGRESSIVE;
				CLANG_CXX_LANGUAGE_STANDARD = "gnu++20";
				CLANG_ENABLE_MODULES = YES;
				CLANG_ENABLE_OBJC_ARC = YES;
				CLANG_ENABLE_OBJC_WEAK = YES;
				CLANG_WARN_BLOCK_CAPTURE_AUTORELEASING = YES;
				CLANG_WARN_BOOL_CONVERSION = YES;
				CLANG_WARN_COMMA = YES;
				CLANG_WARN_CONSTANT_CONVERSION = YES;
				CLANG_WARN_DEPRECATED_OBJC_IMPLEMENTATIONS = YES;
				CLANG_WARN_DIRECT_OBJC_ISA_USAGE = YES_ERROR;
				CLANG_WARN_DOCUMENTATION_COMMENTS = YES;
				CLANG_WARN_EMPTY_BODY = YES;
				CLANG_WARN_ENUM_CONVERSION = YES;
				CLANG_WARN_INFINITE_RECURSION = YES;
				CLANG_WARN_INT_CONVERSION = YES;
				CLANG_WARN_NON_LITERAL_NULL_CONVERSION = YES;
				CLANG_WARN_OBJC_IMPLICIT_RETAIN_SELF = YES;
				CLANG_WARN_OBJC_LITERAL_CONVERSION = YES;
				CLANG_WARN_OBJC_ROOT_CLASS = YES_ERROR;
				CLANG_WARN_QUOTED_INCLUDE_IN_FRAMEWORK_HEADER = YES;
				CLANG_WARN_RANGE_LOOP_ANALYSIS = YES;
				CLANG_WARN_STRICT_PROTOTYPES = YES;
				CLANG_WARN_SUSPICIOUS_MOVE = YES;
				CLANG_WARN_UNGUARDED_AVAILABILITY = YES_AGGRESSIVE;
				CLANG_WARN_UNREACHABLE_CODE = YES;
				CLANG_WARN__DUPLICATE_METHOD_MATCH = YES;
				COPY_PHASE_STRIP = NO;
				DEBUG_INFORMATION_FORMAT = dwarf;
				ENABLE_STRICT_OBJC_MSGSEND = YES;
				ENABLE_TESTABILITY = YES;
				ENABLE_USER_SCRIPT_SANDBOXING = YES;
				GCC_C_LANGUAGE_STANDARD = gnu17;
				GCC_DYNAMIC_NO_PIC = NO;
				GCC_NO_COMMON_BLOCKS = YES;
				GCC_OPTIMIZATION_LEVEL = 0;
				GCC_PREPROCESSOR_DEFINITIONS = (
					"DEBUG=1",
					"$(inherited)",
				);
				GCC_WARN_64_TO_32_BIT_CONVERSION = YES;
				GCC_WARN_ABOUT_RETURN_TYPE = YES_ERROR;
				GCC_WARN_UNDECLARED_SELECTOR = YES;
				GCC_WARN_UNINITIALIZED_AUTOS = YES_AGGRESSIVE;
				GCC_WARN_UNUSED_FUNCTION = YES;
				GCC_WARN_UNUSED_VARIABLE = YES;
				IPHONEOS_DEPLOYMENT_TARGET = 17.0;
				LOCALIZATION_PREFERS_STRING_CATALOGS = YES;
				MTL_ENABLE_DEBUG_INFO = INCLUDE_SOURCE;
				MTL_FAST_MATH = YES;
				ONLY_ACTIVE_ARCH = YES;
				SDKROOT = iphoneos;
				SWIFT_ACTIVE_COMPILATION_CONDITIONS = "DEBUG $(inherited)";
				SWIFT_OPTIMIZATION_LEVEL = "-Onone";
			};
			name = Debug;
		};
		BD1E53A42BA1E9540003EDF1 /* Release */ = {
			isa = XCBuildConfiguration;
			buildSettings = {
				ALWAYS_SEARCH_USER_PATHS = NO;
				ASSETCATALOG_COMPILER_GENERATE_SWIFT_ASSET_SYMBOL_EXTENSIONS = YES;
				CLANG_ANALYZER_NONNULL = YES;
				CLANG_ANALYZER_NUMBER_OBJECT_CONVERSION = YES_AGGRESSIVE;
				CLANG_CXX_LANGUAGE_STANDARD = "gnu++20";
				CLANG_ENABLE_MODULES = YES;
				CLANG_ENABLE_OBJC_ARC = YES;
				CLANG_ENABLE_OBJC_WEAK = YES;
				CLANG_WARN_BLOCK_CAPTURE_AUTORELEASING = YES;
				CLANG_WARN_BOOL_CONVERSION = YES;
				CLANG_WARN_COMMA = YES;
				CLANG_WARN_CONSTANT_CONVERSION = YES;
				CLANG_WARN_DEPRECATED_OBJC_IMPLEMENTATIONS = YES;
				CLANG_WARN_DIRECT_OBJC_ISA_USAGE = YES_ERROR;
				CLANG_WARN_DOCUMENTATION_COMMENTS = YES;
				CLANG_WARN_EMPTY_BODY = YES;
				CLANG_WARN_ENUM_CONVERSION = YES;
				CLANG_WARN_INFINITE_RECURSION = YES;
				CLANG_WARN_INT_CONVERSION = YES;
				CLANG_WARN_NON_LITERAL_NULL_CONVERSION = YES;
				CLANG_WARN_OBJC_IMPLICIT_RETAIN_SELF = YES;
				CLANG_WARN_OBJC_LITERAL_CONVERSION = YES;
				CLANG_WARN_OBJC_ROOT_CLASS = YES_ERROR;
				CLANG_WARN_QUOTED_INCLUDE_IN_FRAMEWORK_HEADER = YES;
				CLANG_WARN_RANGE_LOOP_ANALYSIS = YES;
				CLANG_WARN_STRICT_PROTOTYPES = YES;
				CLANG_WARN_SUSPICIOUS_MOVE = YES;
				CLANG_WARN_UNGUARDED_AVAILABILITY = YES_AGGRESSIVE;
				CLANG_WARN_UNREACHABLE_CODE = YES;
				CLANG_WARN__DUPLICATE_METHOD_MATCH = YES;
				COPY_PHASE_STRIP = NO;
				DEBUG_INFORMATION_FORMAT = "dwarf-with-dsym";
				ENABLE_NS_ASSERTIONS = NO;
				ENABLE_STRICT_OBJC_MSGSEND = YES;
				ENABLE_USER_SCRIPT_SANDBOXING = YES;
				GCC_C_LANGUAGE_STANDARD = gnu17;
				GCC_NO_COMMON_BLOCKS = YES;
				GCC_WARN_64_TO_32_BIT_CONVERSION = YES;
				GCC_WARN_ABOUT_RETURN_TYPE = YES_ERROR;
				GCC_WARN_UNDECLARED_SELECTOR = YES;
				GCC_WARN_UNINITIALIZED_AUTOS = YES_AGGRESSIVE;
				GCC_WARN_UNUSED_FUNCTION = YES;
				GCC_WARN_UNUSED_VARIABLE = YES;
				IPHONEOS_DEPLOYMENT_TARGET = 17.0;
				LOCALIZATION_PREFERS_STRING_CATALOGS = YES;
				MTL_ENABLE_DEBUG_INFO = NO;
				MTL_FAST_MATH = YES;
				SDKROOT = iphoneos;
				SWIFT_COMPILATION_MODE = wholemodule;
				VALIDATE_PRODUCT = YES;
			};
			name = Release;
		};
		BD1E53A62BA1E9540003EDF1 /* Debug */ = {
			isa = XCBuildConfiguration;
			buildSettings = {
				ASSETCATALOG_COMPILER_APPICON_NAME = AppIcon;
				ASSETCATALOG_COMPILER_GLOBAL_ACCENT_COLOR_NAME = AccentColor;
				CODE_SIGN_STYLE = Automatic;
				CURRENT_PROJECT_VERSION = 1;
				DEVELOPMENT_ASSET_PATHS = "\"clothing-app/Preview Content\"";
				DEVELOPMENT_TEAM = AD42Q24JJP;
				ENABLE_PREVIEWS = YES;
				GENERATE_INFOPLIST_FILE = YES;
				INFOPLIST_KEY_CFBundleDisplayName = "The Z Store";
				INFOPLIST_KEY_UIApplicationSceneManifest_Generation = YES;
				INFOPLIST_KEY_UIApplicationSupportsIndirectInputEvents = YES;
				INFOPLIST_KEY_UILaunchScreen_Generation = YES;
				INFOPLIST_KEY_UISupportedInterfaceOrientations_iPad = "UIInterfaceOrientationPortrait UIInterfaceOrientationPortraitUpsideDown UIInterfaceOrientationLandscapeLeft UIInterfaceOrientationLandscapeRight";
				INFOPLIST_KEY_UISupportedInterfaceOrientations_iPhone = "UIInterfaceOrientationPortrait UIInterfaceOrientationLandscapeLeft UIInterfaceOrientationLandscapeRight";
				LD_RUNPATH_SEARCH_PATHS = (
					"$(inherited)",
					"@executable_path/Frameworks",
				);
				MARKETING_VERSION = 1.0;
				PRODUCT_BUNDLE_IDENTIFIER = "sac.clothing-app";
				PRODUCT_NAME = "$(TARGET_NAME)";
				SWIFT_EMIT_LOC_STRINGS = YES;
				SWIFT_VERSION = 5.0;
				TARGETED_DEVICE_FAMILY = "1,2";
			};
			name = Debug;
		};
		BD1E53A72BA1E9540003EDF1 /* Release */ = {
			isa = XCBuildConfiguration;
			buildSettings = {
				ASSETCATALOG_COMPILER_APPICON_NAME = AppIcon;
				ASSETCATALOG_COMPILER_GLOBAL_ACCENT_COLOR_NAME = AccentColor;
				CODE_SIGN_STYLE = Automatic;
				CURRENT_PROJECT_VERSION = 1;
				DEVELOPMENT_ASSET_PATHS = "\"clothing-app/Preview Content\"";
				DEVELOPMENT_TEAM = AD42Q24JJP;
				ENABLE_PREVIEWS = YES;
				GENERATE_INFOPLIST_FILE = YES;
				INFOPLIST_KEY_CFBundleDisplayName = "The Z Store";
				INFOPLIST_KEY_UIApplicationSceneManifest_Generation = YES;
				INFOPLIST_KEY_UIApplicationSupportsIndirectInputEvents = YES;
				INFOPLIST_KEY_UILaunchScreen_Generation = YES;
				INFOPLIST_KEY_UISupportedInterfaceOrientations_iPad = "UIInterfaceOrientationPortrait UIInterfaceOrientationPortraitUpsideDown UIInterfaceOrientationLandscapeLeft UIInterfaceOrientationLandscapeRight";
				INFOPLIST_KEY_UISupportedInterfaceOrientations_iPhone = "UIInterfaceOrientationPortrait UIInterfaceOrientationLandscapeLeft UIInterfaceOrientationLandscapeRight";
				LD_RUNPATH_SEARCH_PATHS = (
					"$(inherited)",
					"@executable_path/Frameworks",
				);
				MARKETING_VERSION = 1.0;
				PRODUCT_BUNDLE_IDENTIFIER = "sac.clothing-app";
				PRODUCT_NAME = "$(TARGET_NAME)";
				SWIFT_EMIT_LOC_STRINGS = YES;
				SWIFT_VERSION = 5.0;
				TARGETED_DEVICE_FAMILY = "1,2";
			};
			name = Release;
		};
		BD1E53A92BA1E9540003EDF1 /* Debug */ = {
			isa = XCBuildConfiguration;
			buildSettings = {
				ALWAYS_EMBED_SWIFT_STANDARD_LIBRARIES = YES;
				BUNDLE_LOADER = "$(TEST_HOST)";
				CODE_SIGN_STYLE = Automatic;
				CURRENT_PROJECT_VERSION = 1;
				DEVELOPMENT_TEAM = AD42Q24JJP;
				GENERATE_INFOPLIST_FILE = YES;
				IPHONEOS_DEPLOYMENT_TARGET = 17.0;
				MARKETING_VERSION = 1.0;
				PRODUCT_BUNDLE_IDENTIFIER = "sac.clothing-appTests";
				PRODUCT_NAME = "$(TARGET_NAME)";
				SWIFT_EMIT_LOC_STRINGS = NO;
				SWIFT_VERSION = 5.0;
				TARGETED_DEVICE_FAMILY = "1,2";
				TEST_HOST = "$(BUILT_PRODUCTS_DIR)/clothing-app.app/$(BUNDLE_EXECUTABLE_FOLDER_PATH)/clothing-app";
			};
			name = Debug;
		};
		BD1E53AA2BA1E9540003EDF1 /* Release */ = {
			isa = XCBuildConfiguration;
			buildSettings = {
				ALWAYS_EMBED_SWIFT_STANDARD_LIBRARIES = YES;
				BUNDLE_LOADER = "$(TEST_HOST)";
				CODE_SIGN_STYLE = Automatic;
				CURRENT_PROJECT_VERSION = 1;
				DEVELOPMENT_TEAM = AD42Q24JJP;
				GENERATE_INFOPLIST_FILE = YES;
				IPHONEOS_DEPLOYMENT_TARGET = 17.0;
				MARKETING_VERSION = 1.0;
				PRODUCT_BUNDLE_IDENTIFIER = "sac.clothing-appTests";
				PRODUCT_NAME = "$(TARGET_NAME)";
				SWIFT_EMIT_LOC_STRINGS = NO;
				SWIFT_VERSION = 5.0;
				TARGETED_DEVICE_FAMILY = "1,2";
				TEST_HOST = "$(BUILT_PRODUCTS_DIR)/clothing-app.app/$(BUNDLE_EXECUTABLE_FOLDER_PATH)/clothing-app";
			};
			name = Release;
		};
		BD1E53AC2BA1E9540003EDF1 /* Debug */ = {
			isa = XCBuildConfiguration;
			buildSettings = {
				ALWAYS_EMBED_SWIFT_STANDARD_LIBRARIES = YES;
				CODE_SIGN_STYLE = Automatic;
				CURRENT_PROJECT_VERSION = 1;
				DEVELOPMENT_TEAM = AD42Q24JJP;
				GENERATE_INFOPLIST_FILE = YES;
				MARKETING_VERSION = 1.0;
				PRODUCT_BUNDLE_IDENTIFIER = "sac.clothing-appUITests";
				PRODUCT_NAME = "$(TARGET_NAME)";
				SWIFT_EMIT_LOC_STRINGS = NO;
				SWIFT_VERSION = 5.0;
				TARGETED_DEVICE_FAMILY = "1,2";
				TEST_TARGET_NAME = "clothing-app";
			};
			name = Debug;
		};
		BD1E53AD2BA1E9540003EDF1 /* Release */ = {
			isa = XCBuildConfiguration;
			buildSettings = {
				ALWAYS_EMBED_SWIFT_STANDARD_LIBRARIES = YES;
				CODE_SIGN_STYLE = Automatic;
				CURRENT_PROJECT_VERSION = 1;
				DEVELOPMENT_TEAM = AD42Q24JJP;
				GENERATE_INFOPLIST_FILE = YES;
				MARKETING_VERSION = 1.0;
				PRODUCT_BUNDLE_IDENTIFIER = "sac.clothing-appUITests";
				PRODUCT_NAME = "$(TARGET_NAME)";
				SWIFT_EMIT_LOC_STRINGS = NO;
				SWIFT_VERSION = 5.0;
				TARGETED_DEVICE_FAMILY = "1,2";
				TEST_TARGET_NAME = "clothing-app";
			};
			name = Release;
		};
/* End XCBuildConfiguration section */

/* Begin XCConfigurationList section */
		BD1E537C2BA1E9520003EDF1 /* Build configuration list for PBXProject "clothing-app" */ = {
			isa = XCConfigurationList;
			buildConfigurations = (
				BD1E53A32BA1E9540003EDF1 /* Debug */,
				BD1E53A42BA1E9540003EDF1 /* Release */,
			);
			defaultConfigurationIsVisible = 0;
			defaultConfigurationName = Release;
		};
		BD1E53A52BA1E9540003EDF1 /* Build configuration list for PBXNativeTarget "clothing-app" */ = {
			isa = XCConfigurationList;
			buildConfigurations = (
				BD1E53A62BA1E9540003EDF1 /* Debug */,
				BD1E53A72BA1E9540003EDF1 /* Release */,
			);
			defaultConfigurationIsVisible = 0;
			defaultConfigurationName = Release;
		};
		BD1E53A82BA1E9540003EDF1 /* Build configuration list for PBXNativeTarget "clothing-appTests" */ = {
			isa = XCConfigurationList;
			buildConfigurations = (
				BD1E53A92BA1E9540003EDF1 /* Debug */,
				BD1E53AA2BA1E9540003EDF1 /* Release */,
			);
			defaultConfigurationIsVisible = 0;
			defaultConfigurationName = Release;
		};
		BD1E53AB2BA1E9540003EDF1 /* Build configuration list for PBXNativeTarget "clothing-appUITests" */ = {
			isa = XCConfigurationList;
			buildConfigurations = (
				BD1E53AC2BA1E9540003EDF1 /* Debug */,
				BD1E53AD2BA1E9540003EDF1 /* Release */,
			);
			defaultConfigurationIsVisible = 0;
			defaultConfigurationName = Release;
		};
/* End XCConfigurationList section */
	};
	rootObject = BD1E53792BA1E9520003EDF1 /* Project object */;
}
